// !$*UTF8*$!
{
	archiveVersion = 1;
	classes = {
	};
	objectVersion = 77;
	objects = {

/* Begin PBXBuildFile section */
		E8E28F783052F4A500A476B8 /* WidgetKit.framework in Frameworks */ = {isa = PBXBuildFile; fileRef = E8E28F773052F4A500A476B8 /* WidgetKit.framework */; };
		E8E28F7A3052F4A500A476B8 /* SwiftUI.framework in Frameworks */ = {isa = PBXBuildFile; fileRef = E8E28F793052F4A500A476B8 /* SwiftUI.framework */; };
		E8E28F8B3052F4A600A476B8 /* BudgetTrackerWidgetExtension.appex in Embed Foundation Extensions */ = {isa = PBXBuildFile; fileRef = E8E28F753052F4A500A476B8 /* BudgetTrackerWidgetExtension.appex */; settings = {ATTRIBUTES = (RemoveHeadersOnCopy, ); }; };
		E8E28FA6305ED58800A476B8 /* CSVDocument.swift in Sources */ = {isa = PBXBuildFile; fileRef = E8E28FA5305ED4D900A476B8 /* CSVDocument.swift */; };
		E8E28FA7305ED5A000A476B8 /* OperationExportService.swift in Sources */ = {isa = PBXBuildFile; fileRef = E8E28FA1305ED24F00A476B8 /* OperationExportService.swift */; };
		E8E28FA9305FCDE200A476B8 /* OperationImportService.swift in Sources */ = {isa = PBXBuildFile; fileRef = E8E28FA8305FCDE200A476B8 /* OperationImportService.swift */; };
		E8E28FF4305FFCE700A476B8 /* UserBudgetStore.swift in Sources */ = {isa = PBXBuildFile; fileRef = E8E28FF3305FFCE700A476B8 /* UserBudgetStore.swift */; };
/* End PBXBuildFile section */

/* Begin PBXContainerItemProxy section */
		E8E28F893052F4A600A476B8 /* PBXContainerItemProxy */ = {
			isa = PBXContainerItemProxy;
			containerPortal = E8E28F2F3052EAC000A476B8 /* Project object */;
			proxyType = 1;
			remoteGlobalIDString = E8E28F743052F4A500A476B8;
			remoteInfo = BudgetTrackerWidgetExtension;
		};
/* End PBXContainerItemProxy section */

/* Begin PBXCopyFilesBuildPhase section */
		E8E28F903052F4A600A476B8 /* Embed Foundation Extensions */ = {
			isa = PBXCopyFilesBuildPhase;
			buildActionMask = 2147483647;
			dstPath = "";
			dstSubfolderSpec = 13;
			files = (
				E8E28F8B3052F4A600A476B8 /* BudgetTrackerWidgetExtension.appex in Embed Foundation Extensions */,
			);
			name = "Embed Foundation Extensions";
			runOnlyForDeploymentPostprocessing = 0;
		};
/* End PBXCopyFilesBuildPhase section */

/* Begin PBXFileReference section */
		E8E28F373052EAC000A476B8 /* S058_BudgetTracker.app */ = {isa = PBXFileReference; explicitFileType = wrapper.application; includeInIndex = 0; path = S058_BudgetTracker.app; sourceTree = BUILT_PRODUCTS_DIR; };
		E8E28F753052F4A500A476B8 /* BudgetTrackerWidgetExtension.appex */ = {isa = PBXFileReference; explicitFileType = "wrapper.app-extension"; includeInIndex = 0; path = BudgetTrackerWidgetExtension.appex; sourceTree = BUILT_PRODUCTS_DIR; };
		E8E28F773052F4A500A476B8 /* WidgetKit.framework */ = {isa = PBXFileReference; lastKnownFileType = wrapper.framework; name = WidgetKit.framework; path = System/Library/Frameworks/WidgetKit.framework; sourceTree = SDKROOT; };
		E8E28F793052F4A500A476B8 /* SwiftUI.framework */ = {isa = PBXFileReference; lastKnownFileType = wrapper.framework; name = SwiftUI.framework; path = System/Library/Frameworks/SwiftUI.framework; sourceTree = SDKROOT; };
		E8E28F923052F6BD00A476B8 /* BudgetTrackerWidgetExtension.entitlements */ = {isa = PBXFileReference; lastKnownFileType = text.plist.entitlements; path = BudgetTrackerWidgetExtension.entitlements; sourceTree = "<group>"; };
		E8E28FA1305ED24F00A476B8 /* OperationExportService.swift */ = {isa = PBXFileReference; lastKnownFileType = sourcecode.swift; path = OperationExportService.swift; sourceTree = "<group>"; };
		E8E28FA5305ED4D900A476B8 /* CSVDocument.swift */ = {isa = PBXFileReference; lastKnownFileType = sourcecode.swift; path = CSVDocument.swift; sourceTree = "<group>"; };
		E8E28FA8305FCDE200A476B8 /* OperationImportService.swift */ = {isa = PBXFileReference; lastKnownFileType = sourcecode.swift; path = OperationImportService.swift; sourceTree = "<group>"; };
		E8E28FF3305FFCE700A476B8 /* UserBudgetStore.swift */ = {isa = PBXFileReference; lastKnownFileType = sourcecode.swift; path = UserBudgetStore.swift; sourceTree = "<group>"; };
		E8E290093060300400A476B8 /* README.md */ = {isa = PBXFileReference; lastKnownFileType = net.daringfireball.markdown; path = README.md; sourceTree = "<group>"; };
/* End PBXFileReference section */

/* Begin PBXFileSystemSynchronizedBuildFileExceptionSet section */
		E8E28F8C3052F4A600A476B8 /* Exceptions for "BudgetTrackerWidget" folder in "BudgetTrackerWidgetExtension" target */ = {
			isa = PBXFileSystemSynchronizedBuildFileExceptionSet;
			membershipExceptions = (
				Info.plist,
			);
			target = E8E28F743052F4A500A476B8 /* BudgetTrackerWidgetExtension */;
		};
		E8E28F943052F83700A476B8 /* Exceptions for "S058_BudgetTracker" folder in "BudgetTrackerWidgetExtension" target */ = {
			isa = PBXFileSystemSynchronizedBuildFileExceptionSet;
			membershipExceptions = (
				Models/Category.swift,
				Models/Operation.swift,
				Models/OperationDateFilter.swift,
			);
			target = E8E28F743052F4A500A476B8 /* BudgetTrackerWidgetExtension */;
		};
		E8E28F973052FF9900A476B8 /* Exceptions for "S058_BudgetTracker" folder in "S058_BudgetTracker" target */ = {
			isa = PBXFileSystemSynchronizedBuildFileExceptionSet;
			membershipExceptions = (
				"S058-BudgetTracker-Info.plist",
			);
			target = E8E28F363052EAC000A476B8 /* S058_BudgetTracker */;
		};
/* End PBXFileSystemSynchronizedBuildFileExceptionSet section */

/* Begin PBXFileSystemSynchronizedRootGroup section */
		E8E28F393052EAC000A476B8 /* S058_BudgetTracker */ = {
			isa = PBXFileSystemSynchronizedRootGroup;
			exceptions = (
				E8E28F973052FF9900A476B8 /* Exceptions for "S058_BudgetTracker" folder in "S058_BudgetTracker" target */,
				E8E28F943052F83700A476B8 /* Exceptions for "S058_BudgetTracker" folder in "BudgetTrackerWidgetExtension" target */,
			);
			path = S058_BudgetTracker;
			sourceTree = "<group>";
		};
		E8E28F7B3052F4A500A476B8 /* BudgetTrackerWidget */ = {
			isa = PBXFileSystemSynchronizedRootGroup;
			exceptions = (
				E8E28F8C3052F4A600A476B8 /* Exceptions for "BudgetTrackerWidget" folder in "BudgetTrackerWidgetExtension" target */,
			);
			path = BudgetTrackerWidget;
			sourceTree = "<group>";
		};
/* End PBXFileSystemSynchronizedRootGroup section */

/* Begin PBXFrameworksBuildPhase section */
		E8E28F343052EAC000A476B8 /* Frameworks */ = {
			isa = PBXFrameworksBuildPhase;
			buildActionMask = 2147483647;
			files = (
			);
			runOnlyForDeploymentPostprocessing = 0;
		};
		E8E28F723052F4A500A476B8 /* Frameworks */ = {
			isa = PBXFrameworksBuildPhase;
			buildActionMask = 2147483647;
			files = (
				E8E28F7A3052F4A500A476B8 /* SwiftUI.framework in Frameworks */,
				E8E28F783052F4A500A476B8 /* WidgetKit.framework in Frameworks */,
			);
			runOnlyForDeploymentPostprocessing = 0;
		};
/* End PBXFrameworksBuildPhase section */

/* Begin PBXGroup section */
		E8E28F2E3052EAC000A476B8 = {
			isa = PBXGroup;
			children = (
				E8E290093060300400A476B8 /* README.md */,
				E8E28FA0305ED23800A476B8 /* Services */,
				E8E28F923052F6BD00A476B8 /* BudgetTrackerWidgetExtension.entitlements */,
				E8E28F393052EAC000A476B8 /* S058_BudgetTracker */,
				E8E28F7B3052F4A500A476B8 /* BudgetTrackerWidget */,
				E8E28F763052F4A500A476B8 /* Frameworks */,
				E8E28F383052EAC000A476B8 /* Products */,
			);
			sourceTree = "<group>";
		};
		E8E28F383052EAC000A476B8 /* Products */ = {
			isa = PBXGroup;
			children = (
				E8E28F373052EAC000A476B8 /* S058_BudgetTracker.app */,
				E8E28F753052F4A500A476B8 /* BudgetTrackerWidgetExtension.appex */,
			);
			name = Products;
			sourceTree = "<group>";
		};
		E8E28F763052F4A500A476B8 /* Frameworks */ = {
			isa = PBXGroup;
			children = (
				E8E28F773052F4A500A476B8 /* WidgetKit.framework */,
				E8E28F793052F4A500A476B8 /* SwiftUI.framework */,
			);
			name = Frameworks;
			sourceTree = "<group>";
		};
		E8E28FA0305ED23800A476B8 /* Services */ = {
			isa = PBXGroup;
			children = (
				E8E28FF3305FFCE700A476B8 /* UserBudgetStore.swift */,
				E8E28FA8305FCDE200A476B8 /* OperationImportService.swift */,
				E8E28FA5305ED4D900A476B8 /* CSVDocument.swift */,
				E8E28FA1305ED24F00A476B8 /* OperationExportService.swift */,
			);
			path = Services;
			sourceTree = "<group>";
		};
/* End PBXGroup section */

/* Begin PBXNativeTarget section */
		E8E28F363052EAC000A476B8 /* S058_BudgetTracker */ = {
			isa = PBXNativeTarget;
			buildConfigurationList = E8E28F443052EAC200A476B8 /* Build configuration list for PBXNativeTarget "S058_BudgetTracker" */;
			buildPhases = (
				E8E28F333052EAC000A476B8 /* Sources */,
				E8E28F343052EAC000A476B8 /* Frameworks */,
				E8E28F353052EAC000A476B8 /* Resources */,
				E8E28F903052F4A600A476B8 /* Embed Foundation Extensions */,
			);
			buildRules = (
			);
			dependencies = (
				E8E28F8A3052F4A600A476B8 /* PBXTargetDependency */,
			);
			fileSystemSynchronizedGroups = (
				E8E28F393052EAC000A476B8 /* S058_BudgetTracker */,
			);
			name = S058_BudgetTracker;
			packageProductDependencies = (
			);
			productName = S058_BudgetTracker;
			productReference = E8E28F373052EAC000A476B8 /* S058_BudgetTracker.app */;
			productType = "com.apple.product-type.application";
		};
		E8E28F743052F4A500A476B8 /* BudgetTrackerWidgetExtension */ = {
			isa = PBXNativeTarget;
			buildConfigurationList = E8E28F8D3052F4A600A476B8 /* Build configuration list for PBXNativeTarget "BudgetTrackerWidgetExtension" */;
			buildPhases = (
				E8E28F713052F4A500A476B8 /* Sources */,
				E8E28F723052F4A500A476B8 /* Frameworks */,
				E8E28F733052F4A500A476B8 /* Resources */,
			);
			buildRules = (
			);
			dependencies = (
			);
			fileSystemSynchronizedGroups = (
				E8E28F7B3052F4A500A476B8 /* BudgetTrackerWidget */,
			);
			name = BudgetTrackerWidgetExtension;
			packageProductDependencies = (
			);
			productName = BudgetTrackerWidgetExtension;
			productReference = E8E28F753052F4A500A476B8 /* BudgetTrackerWidgetExtension.appex */;
			productType = "com.apple.product-type.app-extension";
		};
/* End PBXNativeTarget section */

/* Begin PBXProject section */
		E8E28F2F3052EAC000A476B8 /* Project object */ = {
			isa = PBXProject;
			attributes = {
				BuildIndependentTargetsInParallel = 1;
				LastSwiftUpdateCheck = 2660;
				LastUpgradeCheck = 2660;
				TargetAttributes = {
					E8E28F363052EAC000A476B8 = {
						CreatedOnToolsVersion = 26.6;
					};
					E8E28F743052F4A500A476B8 = {
						CreatedOnToolsVersion = 26.6;
					};
				};
			};
			buildConfigurationList = E8E28F323052EAC000A476B8 /* Build configuration list for PBXProject "S058_BudgetTracker" */;
			developmentRegion = en;
			hasScannedForEncodings = 0;
			knownRegions = (
				en,
				Base,
			);
			mainGroup = E8E28F2E3052EAC000A476B8;
			minimizedProjectReferenceProxies = 1;
			preferredProjectObjectVersion = 77;
			productRefGroup = E8E28F383052EAC000A476B8 /* Products */;
			projectDirPath = "";
			projectRoot = "";
			targets = (
				E8E28F363052EAC000A476B8 /* S058_BudgetTracker */,
				E8E28F743052F4A500A476B8 /* BudgetTrackerWidgetExtension */,
			);
		};
/* End PBXProject section */

/* Begin PBXResourcesBuildPhase section */
		E8E28F353052EAC000A476B8 /* Resources */ = {
			isa = PBXResourcesBuildPhase;
			buildActionMask = 2147483647;
			files = (
			);
			runOnlyForDeploymentPostprocessing = 0;
		};
		E8E28F733052F4A500A476B8 /* Resources */ = {
			isa = PBXResourcesBuildPhase;
			buildActionMask = 2147483647;
			files = (
			);
			runOnlyForDeploymentPostprocessing = 0;
		};
/* End PBXResourcesBuildPhase section */

/* Begin PBXSourcesBuildPhase section */
		E8E28F333052EAC000A476B8 /* Sources */ = {
			isa = PBXSourcesBuildPhase;
			buildActionMask = 2147483647;
			files = (
				E8E28FA6305ED58800A476B8 /* CSVDocument.swift in Sources */,
				E8E28FF4305FFCE700A476B8 /* UserBudgetStore.swift in Sources */,
				E8E28FA7305ED5A000A476B8 /* OperationExportService.swift in Sources */,
				E8E28FA9305FCDE200A476B8 /* OperationImportService.swift in Sources */,
			);
			runOnlyForDeploymentPostprocessing = 0;
		};
		E8E28F713052F4A500A476B8 /* Sources */ = {
			isa = PBXSourcesBuildPhase;
			buildActionMask = 2147483647;
			files = (
			);
			runOnlyForDeploymentPostprocessing = 0;
		};
/* End PBXSourcesBuildPhase section */

/* Begin PBXTargetDependency section */
		E8E28F8A3052F4A600A476B8 /* PBXTargetDependency */ = {
			isa = PBXTargetDependency;
			target = E8E28F743052F4A500A476B8 /* BudgetTrackerWidgetExtension */;
			targetProxy = E8E28F893052F4A600A476B8 /* PBXContainerItemProxy */;
		};
/* End PBXTargetDependency section */

/* Begin XCBuildConfiguration section */
		E8E28F423052EAC200A476B8 /* Debug */ = {
			isa = XCBuildConfiguration;
			buildSettings = {
				ALWAYS_SEARCH_USER_PATHS = NO;
				ASSETCATALOG_COMPILER_GENERATE_SWIFT_ASSET_SYMBOL_EXTENSIONS = YES;
				CLANG_ANALYZER_NONNULL = YES;
				CLANG_ANALYZER_NUMBER_OBJECT_CONVERSION = YES_AGGRESSIVE;
				CLANG_CXX_LANGUAGE_STANDARD = "gnu++20";
				CLANG_ENABLE_MODULES = YES;
				CLANG_ENABLE_OBJC_ARC = YES;
				CLANG_ENABLE_OBJC_WEAK = YES;
				CLANG_WARN_BLOCK_CAPTURE_AUTORELEASING = YES;
				CLANG_WARN_BOOL_CONVERSION = YES;
				CLANG_WARN_COMMA = YES;
				CLANG_WARN_CONSTANT_CONVERSION = YES;
				CLANG_WARN_DEPRECATED_OBJC_IMPLEMENTATIONS = YES;
				CLANG_WARN_DIRECT_OBJC_ISA_USAGE = YES_ERROR;
				CLANG_WARN_DOCUMENTATION_COMMENTS = YES;
				CLANG_WARN_EMPTY_BODY = YES;
				CLANG_WARN_ENUM_CONVERSION = YES;
				CLANG_WARN_INFINITE_RECURSION = YES;
				CLANG_WARN_INT_CONVERSION = YES;
				CLANG_WARN_NON_LITERAL_NULL_CONVERSION = YES;
				CLANG_WARN_OBJC_IMPLICIT_RETAIN_SELF = YES;
				CLANG_WARN_OBJC_LITERAL_CONVERSION = YES;
				CLANG_WARN_OBJC_ROOT_CLASS = YES_ERROR;
				CLANG_WARN_QUOTED_INCLUDE_IN_FRAMEWORK_HEADER = YES;
				CLANG_WARN_RANGE_LOOP_ANALYSIS = YES;
				CLANG_WARN_STRICT_PROTOTYPES = YES;
				CLANG_WARN_SUSPICIOUS_MOVE = YES;
				CLANG_WARN_UNGUARDED_AVAILABILITY = YES_AGGRESSIVE;
				CLANG_WARN_UNREACHABLE_CODE = YES;
				CLANG_WARN__DUPLICATE_METHOD_MATCH = YES;
				COPY_PHASE_STRIP = NO;
				DEBUG_INFORMATION_FORMAT = dwarf;
				DEVELOPMENT_TEAM = FZKCV3B6A4;
				ENABLE_STRICT_OBJC_MSGSEND = YES;
				ENABLE_TESTABILITY = YES;
				ENABLE_USER_SCRIPT_SANDBOXING = YES;
				GCC_C_LANGUAGE_STANDARD = gnu17;
				GCC_DYNAMIC_NO_PIC = NO;
				GCC_NO_COMMON_BLOCKS = YES;
				GCC_OPTIMIZATION_LEVEL = 0;
				GCC_PREPROCESSOR_DEFINITIONS = (
					"DEBUG=1",
					"$(inherited)",
				);
				GCC_WARN_64_TO_32_BIT_CONVERSION = YES;
				GCC_WARN_ABOUT_RETURN_TYPE = YES_ERROR;
				GCC_WARN_UNDECLARED_SELECTOR = YES;
				GCC_WARN_UNINITIALIZED_AUTOS = YES_AGGRESSIVE;
				GCC_WARN_UNUSED_FUNCTION = YES;
				GCC_WARN_UNUSED_VARIABLE = YES;
				IPHONEOS_DEPLOYMENT_TARGET = 26.5;
				LOCALIZATION_PREFERS_STRING_CATALOGS = YES;
				MTL_ENABLE_DEBUG_INFO = INCLUDE_SOURCE;
				MTL_FAST_MATH = YES;
				ONLY_ACTIVE_ARCH = YES;
				SDKROOT = iphoneos;
				SWIFT_ACTIVE_COMPILATION_CONDITIONS = "DEBUG $(inherited)";
				SWIFT_OPTIMIZATION_LEVEL = "-Onone";
			};
			name = Debug;
		};
		E8E28F433052EAC200A476B8 /* Release */ = {
			isa = XCBuildConfiguration;
			buildSettings = {
				ALWAYS_SEARCH_USER_PATHS = NO;
				ASSETCATALOG_COMPILER_GENERATE_SWIFT_ASSET_SYMBOL_EXTENSIONS = YES;
				CLANG_ANALYZER_NONNULL = YES;
				CLANG_ANALYZER_NUMBER_OBJECT_CONVERSION = YES_AGGRESSIVE;
				CLANG_CXX_LANGUAGE_STANDARD = "gnu++20";
				CLANG_ENABLE_MODULES = YES;
				CLANG_ENABLE_OBJC_ARC = YES;
				CLANG_ENABLE_OBJC_WEAK = YES;
				CLANG_WARN_BLOCK_CAPTURE_AUTORELEASING = YES;
				CLANG_WARN_BOOL_CONVERSION = YES;
				CLANG_WARN_COMMA = YES;
				CLANG_WARN_CONSTANT_CONVERSION = YES;
				CLANG_WARN_DEPRECATED_OBJC_IMPLEMENTATIONS = YES;
				CLANG_WARN_DIRECT_OBJC_ISA_USAGE = YES_ERROR;
				CLANG_WARN_DOCUMENTATION_COMMENTS = YES;
				CLANG_WARN_EMPTY_BODY = YES;
				CLANG_WARN_ENUM_CONVERSION = YES;
				CLANG_WARN_INFINITE_RECURSION = YES;
				CLANG_WARN_INT_CONVERSION = YES;
				CLANG_WARN_NON_LITERAL_NULL_CONVERSION = YES;
				CLANG_WARN_OBJC_IMPLICIT_RETAIN_SELF = YES;
				CLANG_WARN_OBJC_LITERAL_CONVERSION = YES;
				CLANG_WARN_OBJC_ROOT_CLASS = YES_ERROR;
				CLANG_WARN_QUOTED_INCLUDE_IN_FRAMEWORK_HEADER = YES;
				CLANG_WARN_RANGE_LOOP_ANALYSIS = YES;
				CLANG_WARN_STRICT_PROTOTYPES = YES;
				CLANG_WARN_SUSPICIOUS_MOVE = YES;
				CLANG_WARN_UNGUARDED_AVAILABILITY = YES_AGGRESSIVE;
				CLANG_WARN_UNREACHABLE_CODE = YES;
				CLANG_WARN__DUPLICATE_METHOD_MATCH = YES;
				COPY_PHASE_STRIP = NO;
				DEBUG_INFORMATION_FORMAT = "dwarf-with-dsym";
				DEVELOPMENT_TEAM = FZKCV3B6A4;
				ENABLE_NS_ASSERTIONS = NO;
				ENABLE_STRICT_OBJC_MSGSEND = YES;
				ENABLE_USER_SCRIPT_SANDBOXING = YES;
				GCC_C_LANGUAGE_STANDARD = gnu17;
				GCC_NO_COMMON_BLOCKS = YES;
				GCC_WARN_64_TO_32_BIT_CONVERSION = YES;
				GCC_WARN_ABOUT_RETURN_TYPE = YES_ERROR;
				GCC_WARN_UNDECLARED_SELECTOR = YES;
				GCC_WARN_UNINITIALIZED_AUTOS = YES_AGGRESSIVE;
				GCC_WARN_UNUSED_FUNCTION = YES;
				GCC_WARN_UNUSED_VARIABLE = YES;
				IPHONEOS_DEPLOYMENT_TARGET = 26.5;
				LOCALIZATION_PREFERS_STRING_CATALOGS = YES;
				MTL_ENABLE_DEBUG_INFO = NO;
				MTL_FAST_MATH = YES;
				SDKROOT = iphoneos;
				SWIFT_COMPILATION_MODE = wholemodule;
				VALIDATE_PRODUCT = YES;
			};
			name = Release;
		};
		E8E28F453052EAC200A476B8 /* Debug */ = {
			isa = XCBuildConfiguration;
			buildSettings = {
				ASSETCATALOG_COMPILER_APPICON_NAME = AppIcon;
				ASSETCATALOG_COMPILER_GLOBAL_ACCENT_COLOR_NAME = AccentColor;
				CODE_SIGN_ENTITLEMENTS = S058_BudgetTracker/S058_BudgetTracker.entitlements;
				CODE_SIGN_STYLE = Automatic;
				CURRENT_PROJECT_VERSION = 1;
				DEVELOPMENT_TEAM = FZKCV3B6A4;
				ENABLE_PREVIEWS = YES;
				GENERATE_INFOPLIST_FILE = YES;
				INFOPLIST_FILE = "S058-BudgetTracker-Info.plist";
				INFOPLIST_KEY_CFBundleDisplayName = "Budget Tracker";
				INFOPLIST_KEY_LSApplicationCategoryType = "public.app-category.productivity";
				INFOPLIST_KEY_UIApplicationSceneManifest_Generation = YES;
				INFOPLIST_KEY_UIApplicationSupportsIndirectInputEvents = YES;
				INFOPLIST_KEY_UILaunchScreen_Generation = YES;
				INFOPLIST_KEY_UISupportedInterfaceOrientations_iPad = "UIInterfaceOrientationPortrait UIInterfaceOrientationPortraitUpsideDown UIInterfaceOrientationLandscapeLeft UIInterfaceOrientationLandscapeRight";
				INFOPLIST_KEY_UISupportedInterfaceOrientations_iPhone = "UIInterfaceOrientationPortrait UIInterfaceOrientationLandscapeLeft UIInterfaceOrientationLandscapeRight";
				LD_RUNPATH_SEARCH_PATHS = (
					"$(inherited)",
					"@executable_path/Frameworks",
				);
				MARKETING_VERSION = 1.0;
				PRODUCT_BUNDLE_IDENTIFIER = "com.oliviermarteaux.S058-BudgetTracker";
				PRODUCT_NAME = "$(TARGET_NAME)";
				STRING_CATALOG_GENERATE_SYMBOLS = YES;
				SWIFT_APPROACHABLE_CONCURRENCY = YES;
				SWIFT_DEFAULT_ACTOR_ISOLATION = MainActor;
				SWIFT_EMIT_LOC_STRINGS = YES;
				SWIFT_UPCOMING_FEATURE_MEMBER_IMPORT_VISIBILITY = YES;
				SWIFT_VERSION = 5.0;
				TARGETED_DEVICE_FAMILY = "1,2";
			};
			name = Debug;
		};
		E8E28F463052EAC200A476B8 /* Release */ = {
			isa = XCBuildConfiguration;
			buildSettings = {
				ASSETCATALOG_COMPILER_APPICON_NAME = AppIcon;
				ASSETCATALOG_COMPILER_GLOBAL_ACCENT_COLOR_NAME = AccentColor;
				CODE_SIGN_ENTITLEMENTS = S058_BudgetTracker/S058_BudgetTracker.entitlements;
				CODE_SIGN_STYLE = Automatic;
				CURRENT_PROJECT_VERSION = 1;
				DEVELOPMENT_TEAM = FZKCV3B6A4;
				ENABLE_PREVIEWS = YES;
				GENERATE_INFOPLIST_FILE = YES;
				INFOPLIST_FILE = "S058-BudgetTracker-Info.plist";
				INFOPLIST_KEY_CFBundleDisplayName = "Budget Tracker";
				INFOPLIST_KEY_LSApplicationCategoryType = "public.app-category.productivity";
				INFOPLIST_KEY_UIApplicationSceneManifest_Generation = YES;
				INFOPLIST_KEY_UIApplicationSupportsIndirectInputEvents = YES;
				INFOPLIST_KEY_UILaunchScreen_Generation = YES;
				INFOPLIST_KEY_UISupportedInterfaceOrientations_iPad = "UIInterfaceOrientationPortrait UIInterfaceOrientationPortraitUpsideDown UIInterfaceOrientationLandscapeLeft UIInterfaceOrientationLandscapeRight";
				INFOPLIST_KEY_UISupportedInterfaceOrientations_iPhone = "UIInterfaceOrientationPortrait UIInterfaceOrientationLandscapeLeft UIInterfaceOrientationLandscapeRight";
				LD_RUNPATH_SEARCH_PATHS = (
					"$(inherited)",
					"@executable_path/Frameworks",
				);
				MARKETING_VERSION = 1.0;
				PRODUCT_BUNDLE_IDENTIFIER = "com.oliviermarteaux.S058-BudgetTracker";
				PRODUCT_NAME = "$(TARGET_NAME)";
				STRING_CATALOG_GENERATE_SYMBOLS = YES;
				SWIFT_APPROACHABLE_CONCURRENCY = YES;
				SWIFT_DEFAULT_ACTOR_ISOLATION = MainActor;
				SWIFT_EMIT_LOC_STRINGS = YES;
				SWIFT_UPCOMING_FEATURE_MEMBER_IMPORT_VISIBILITY = YES;
				SWIFT_VERSION = 5.0;
				TARGETED_DEVICE_FAMILY = "1,2";
			};
			name = Release;
		};
		E8E28F8E3052F4A600A476B8 /* Debug */ = {
			isa = XCBuildConfiguration;
			buildSettings = {
				ASSETCATALOG_COMPILER_GLOBAL_ACCENT_COLOR_NAME = AccentColor;
				ASSETCATALOG_COMPILER_WIDGET_BACKGROUND_COLOR_NAME = WidgetBackground;
				CODE_SIGN_ENTITLEMENTS = BudgetTrackerWidgetExtension.entitlements;
				CODE_SIGN_STYLE = Automatic;
				CURRENT_PROJECT_VERSION = 1;
				DEVELOPMENT_TEAM = FZKCV3B6A4;
				GENERATE_INFOPLIST_FILE = YES;
				INFOPLIST_FILE = BudgetTrackerWidget/Info.plist;
				INFOPLIST_KEY_CFBundleDisplayName = BudgetTrackerWidget;
				INFOPLIST_KEY_NSHumanReadableCopyright = "";
				LD_RUNPATH_SEARCH_PATHS = (
					"$(inherited)",
					"@executable_path/Frameworks",
					"@executable_path/../../Frameworks",
				);
				MARKETING_VERSION = 1.0;
				PRODUCT_BUNDLE_IDENTIFIER = "com.oliviermarteaux.S058-BudgetTracker.BudgetTrackerWidget";
				PRODUCT_NAME = "$(TARGET_NAME)";
				SKIP_INSTALL = YES;
				STRING_CATALOG_GENERATE_SYMBOLS = YES;
				SWIFT_APPROACHABLE_CONCURRENCY = YES;
				SWIFT_EMIT_LOC_STRINGS = YES;
				SWIFT_UPCOMING_FEATURE_MEMBER_IMPORT_VISIBILITY = YES;
				SWIFT_VERSION = 5.0;
				TARGETED_DEVICE_FAMILY = "1,2";
			};
			name = Debug;
		};
		E8E28F8F3052F4A600A476B8 /* Release */ = {
			isa = XCBuildConfiguration;
			buildSettings = {
				ASSETCATALOG_COMPILER_GLOBAL_ACCENT_COLOR_NAME = AccentColor;
				ASSETCATALOG_COMPILER_WIDGET_BACKGROUND_COLOR_NAME = WidgetBackground;
				CODE_SIGN_ENTITLEMENTS = BudgetTrackerWidgetExtension.entitlements;
				CODE_SIGN_STYLE = Automatic;
				CURRENT_PROJECT_VERSION = 1;
				DEVELOPMENT_TEAM = FZKCV3B6A4;
				GENERATE_INFOPLIST_FILE = YES;
				INFOPLIST_FILE = BudgetTrackerWidget/Info.plist;
				INFOPLIST_KEY_CFBundleDisplayName = BudgetTrackerWidget;
				INFOPLIST_KEY_NSHumanReadableCopyright = "";
				LD_RUNPATH_SEARCH_PATHS = (
					"$(inherited)",
					"@executable_path/Frameworks",
					"@executable_path/../../Frameworks",
				);
				MARKETING_VERSION = 1.0;
				PRODUCT_BUNDLE_IDENTIFIER = "com.oliviermarteaux.S058-BudgetTracker.BudgetTrackerWidget";
				PRODUCT_NAME = "$(TARGET_NAME)";
				SKIP_INSTALL = YES;
				STRING_CATALOG_GENERATE_SYMBOLS = YES;
				SWIFT_APPROACHABLE_CONCURRENCY = YES;
				SWIFT_EMIT_LOC_STRINGS = YES;
				SWIFT_UPCOMING_FEATURE_MEMBER_IMPORT_VISIBILITY = YES;
				SWIFT_VERSION = 5.0;
				TARGETED_DEVICE_FAMILY = "1,2";
			};
			name = Release;
		};
/* End XCBuildConfiguration section */

/* Begin XCConfigurationList section */
		E8E28F323052EAC000A476B8 /* Build configuration list for PBXProject "S058_BudgetTracker" */ = {
			isa = XCConfigurationList;
			buildConfigurations = (
				E8E28F423052EAC200A476B8 /* Debug */,
				E8E28F433052EAC200A476B8 /* Release */,
			);
			defaultConfigurationIsVisible = 0;
			defaultConfigurationName = Release;
		};
		E8E28F443052EAC200A476B8 /* Build configuration list for PBXNativeTarget "S058_BudgetTracker" */ = {
			isa = XCConfigurationList;
			buildConfigurations = (
				E8E28F453052EAC200A476B8 /* Debug */,
				E8E28F463052EAC200A476B8 /* Release */,
			);
			defaultConfigurationIsVisible = 0;
			defaultConfigurationName = Release;
		};
		E8E28F8D3052F4A600A476B8 /* Build configuration list for PBXNativeTarget "BudgetTrackerWidgetExtension" */ = {
			isa = XCConfigurationList;
			buildConfigurations = (
				E8E28F8E3052F4A600A476B8 /* Debug */,
				E8E28F8F3052F4A600A476B8 /* Release */,
			);
			defaultConfigurationIsVisible = 0;
			defaultConfigurationName = Release;
		};
/* End XCConfigurationList section */
	};
	rootObject = E8E28F2F3052EAC000A476B8 /* Project object */;
}
